
Microsoft Visual Studio Solution File, Format Version 12.00
# Visual Studio Version 17
VisualStudioVersion = 17.4.33213.308
MinimumVisualStudioVersion = 10.0.40219.1
Project("{FAE04EC0-301F-11D3-BF4B-00C04F79EFBC}") = "LINQ-UC5", "LINQ-UC5\LINQ-UC5.csproj", "{3072AF10-B23A-4F16-A555-22745B10AAE7}"
EndProject
Project("{FAE04EC0-301F-11D3-BF4B-00C04F79EFBC}") = "TestProject1", "TestProject1\TestProject1.csproj", "{276E55BB-9CBC-4A69-8965-B04CDC6BE204}"
EndProject
Global
	GlobalSection(SolutionConfigurationPlatforms) = preSolution
		Debug|Any CPU = Debug|Any CPU
		Release|Any CPU = Release|Any CPU
	EndGlobalSection
	GlobalSection(ProjectConfigurationPlatforms) = postSolution
		{3072AF10-B23A-4F16-A555-22745B10AAE7}.Debug|Any CPU.ActiveCfg = Debug|Any CPU
		{3072AF10-B23A-4F16-A555-22745B10AAE7}.Debug|Any CPU.Build.0 = Debug|Any CPU
		{3072AF10-B23A-4F16-A555-22745B10AAE7}.Release|Any CPU.ActiveCfg = Release|Any CPU
		{3072AF10-B23A-4F16-A555-22745B10AAE7}.Release|Any CPU.Build.0 = Release|Any CPU
		{276E55BB-9CBC-4A69-8965-B04CDC6BE204}.Debug|Any CPU.ActiveCfg = Debug|Any CPU
		{276E55BB-9CBC-4A69-8965-B04CDC6BE204}.Debug|Any CPU.Build.0 = Debug|Any CPU
		{276E55BB-9CBC-4A69-8965-B04CDC6BE204}.Release|Any CPU.ActiveCfg = Release|Any CPU
		{276E55BB-9CBC-4A69-8965-B04CDC6BE204}.Release|Any CPU.Build.0 = Release|Any CPU
	EndGlobalSection
	GlobalSection(SolutionProperties) = preSolution
		HideSolutionNode = FALSE
	EndGlobalSection
	GlobalSection(ExtensibilityGlobals) = postSolution
		SolutionGuid = {34FE1339-B2FD-4026-84D7-10F97C238968}
	EndGlobalSection
EndGlobal
