
Microsoft Visual Studio Solution File, Format Version 12.00
# Visual Studio Version 17
VisualStudioVersion = 17.4.33213.308
MinimumVisualStudioVersion = 10.0.40219.1
Project("{FAE04EC0-301F-11D3-BF4B-00C04F79EFBC}") = "LINQ-UC4", "LINQ-UC4\LINQ-UC4.csproj", "{CAF9CBD2-F0D6-49E7-A90C-22397AFD4B25}"
EndProject
Project("{FAE04EC0-301F-11D3-BF4B-00C04F79EFBC}") = "TestProject1", "TestProject1\TestProject1.csproj", "{D667A596-90A2-4352-9087-700B8449A152}"
EndProject
Global
	GlobalSection(SolutionConfigurationPlatforms) = preSolution
		Debug|Any CPU = Debug|Any CPU
		Release|Any CPU = Release|Any CPU
	EndGlobalSection
	GlobalSection(ProjectConfigurationPlatforms) = postSolution
		{CAF9CBD2-F0D6-49E7-A90C-22397AFD4B25}.Debug|Any CPU.ActiveCfg = Debug|Any CPU
		{CAF9CBD2-F0D6-49E7-A90C-22397AFD4B25}.Debug|Any CPU.Build.0 = Debug|Any CPU
		{CAF9CBD2-F0D6-49E7-A90C-22397AFD4B25}.Release|Any CPU.ActiveCfg = Release|Any CPU
		{CAF9CBD2-F0D6-49E7-A90C-22397AFD4B25}.Release|Any CPU.Build.0 = Release|Any CPU
		{D667A596-90A2-4352-9087-700B8449A152}.Debug|Any CPU.ActiveCfg = Debug|Any CPU
		{D667A596-90A2-4352-9087-700B8449A152}.Debug|Any CPU.Build.0 = Debug|Any CPU
		{D667A596-90A2-4352-9087-700B8449A152}.Release|Any CPU.ActiveCfg = Release|Any CPU
		{D667A596-90A2-4352-9087-700B8449A152}.Release|Any CPU.Build.0 = Release|Any CPU
	EndGlobalSection
	GlobalSection(SolutionProperties) = preSolution
		HideSolutionNode = FALSE
	EndGlobalSection
	GlobalSection(ExtensibilityGlobals) = postSolution
		SolutionGuid = {1C5D19FF-2F2C-4F61-8A03-C905F6C9FF29}
	EndGlobalSection
EndGlobal
